
Microsoft Visual Studio Solution File, Format Version 12.00
# Visual Studio Version 17
VisualStudioVersion = 17.6.33815.320
MinimumVisualStudioVersion = 10.0.40219.1
Project("{9A19103F-16F7-4668-BE54-9A1E7A4F7556}") = "Sagittarius.Core", "Sagittarius.Core\Sagittarius.Core.csproj", "{09D6D258-7E0F-4E9F-915D-F36DC98018F1}"
EndProject
Project("{9A19103F-16F7-4668-BE54-9A1E7A4F7556}") = "Sagittarius.Graphics", "Sagittarius.Graphics\Sagittarius.Graphics.csproj", "{46D79517-4DD5-4E3B-B509-C2D549FFD3A6}"
EndProject
Project("{9A19103F-16F7-4668-BE54-9A1E7A4F7556}") = "Sagittarius.Platform", "Sagittarius.Platform\Sagittarius.Platform.csproj", "{24C5A9BE-CE46-429B-8FDC-FFEA03183DDB}"
EndProject
Project("{9A19103F-16F7-4668-BE54-9A1E7A4F7556}") = "Sagittarius.BaseClient", "Sagittarius.BaseClient\Sagittarius.BaseClient.csproj", "{186D9A70-C936-4131-8324-42D70D3B6705}"
EndProject
Global
	GlobalSection(SolutionConfigurationPlatforms) = preSolution
		Debug|Any CPU = Debug|Any CPU
		Release|Any CPU = Release|Any CPU
	EndGlobalSection
	GlobalSection(ProjectConfigurationPlatforms) = postSolution
		{09D6D258-7E0F-4E9F-915D-F36DC98018F1}.Debug|Any CPU.ActiveCfg = Debug|Any CPU
		{09D6D258-7E0F-4E9F-915D-F36DC98018F1}.Debug|Any CPU.Build.0 = Debug|Any CPU
		{09D6D258-7E0F-4E9F-915D-F36DC98018F1}.Release|Any CPU.ActiveCfg = Release|Any CPU
		{09D6D258-7E0F-4E9F-915D-F36DC98018F1}.Release|Any CPU.Build.0 = Release|Any CPU
		{46D79517-4DD5-4E3B-B509-C2D549FFD3A6}.Debug|Any CPU.ActiveCfg = Debug|Any CPU
		{46D79517-4DD5-4E3B-B509-C2D549FFD3A6}.Debug|Any CPU.Build.0 = Debug|Any CPU
		{46D79517-4DD5-4E3B-B509-C2D549FFD3A6}.Release|Any CPU.ActiveCfg = Release|Any CPU
		{46D79517-4DD5-4E3B-B509-C2D549FFD3A6}.Release|Any CPU.Build.0 = Release|Any CPU
		{24C5A9BE-CE46-429B-8FDC-FFEA03183DDB}.Debug|Any CPU.ActiveCfg = Debug|Any CPU
		{24C5A9BE-CE46-429B-8FDC-FFEA03183DDB}.Debug|Any CPU.Build.0 = Debug|Any CPU
		{24C5A9BE-CE46-429B-8FDC-FFEA03183DDB}.Release|Any CPU.ActiveCfg = Release|Any CPU
		{24C5A9BE-CE46-429B-8FDC-FFEA03183DDB}.Release|Any CPU.Build.0 = Release|Any CPU
		{186D9A70-C936-4131-8324-42D70D3B6705}.Debug|Any CPU.ActiveCfg = Debug|Any CPU
		{186D9A70-C936-4131-8324-42D70D3B6705}.Debug|Any CPU.Build.0 = Debug|Any CPU
		{186D9A70-C936-4131-8324-42D70D3B6705}.Release|Any CPU.ActiveCfg = Release|Any CPU
		{186D9A70-C936-4131-8324-42D70D3B6705}.Release|Any CPU.Build.0 = Release|Any CPU
	EndGlobalSection
	GlobalSection(SolutionProperties) = preSolution
		HideSolutionNode = FALSE
	EndGlobalSection
	GlobalSection(ExtensibilityGlobals) = postSolution
		SolutionGuid = {4A97B54D-45EF-4946-AB42-EFE57875954E}
	EndGlobalSection
EndGlobal
